# THIS IS AN AUTOGENERATED FILE. DO NOT EDIT THIS FILE DIRECTLY.
# yarn lockfile v1


"@zoltu/typescript-transformer-append-js-extension@^1.0.1":
  version "1.0.1"
  resolved "https://registry.yarnpkg.com/@zoltu/typescript-transformer-append-js-extension/-/typescript-transformer-append-js-extension-1.0.1.tgz#c7edaccaef0fc87c0c85d6ce4f074e66a42d9080"
  integrity sha512-7Lp30MtJO7YHZW19yJWhkuJrf+Y78COHopeZli7fiWrbIRvodsSXZIa7cFX/c4PFwFJt55N/7Pp/t6VH0fwBVQ==

path-parse@^1.0.6:
  version "1.0.6"
  resolved "https://registry.yarnpkg.com/path-parse/-/path-parse-1.0.6.tgz#d62dbb5679405d72c4737ec58600e9ddcf06d24c"
  integrity sha512-GSmOT2EbHrINBf9SR7CDELwlJ8AENk3Qn7OikK4nFYAu3Ote2+JYNVvkpAEQm3/TLNEJFD/xZJjzyxg3KBWOzw==

resolve@^1.9.0:
  version "1.12.0"
  resolved "https://registry.yarnpkg.com/resolve/-/resolve-1.12.0.tgz#3fc644a35c84a48554609ff26ec52b66fa577df6"
  integrity sha512-B/dOmuoAik5bKcD6s6nXDCjzUKnaDvdkRyAk6rsmsKLipWj4797iothd7jmmUhWTfinVMU+wc56rYKsit2Qy4w==
  dependencies:
    path-parse "^1.0.6"

ttypescript@^1.5.8:
  version "1.5.8"
  resolved "https://registry.yarnpkg.com/ttypescript/-/ttypescript-1.5.8.tgz#82fc316a47be3136e993abf0dbd2768cc68d1db3"
  integrity sha512-uXye71UE5iPDOA3mDN9UUtconKGYwjg6m2UgnxVJYyCItE+MliSCZ4kf2asjpJsJQtgPKyu9iAaC4ero1UIbwQ==
  dependencies:
    resolve "^1.9.0"

typescript@^3.7.2:
  version "3.7.2"
  resolved "https://registry.yarnpkg.com/typescript/-/typescript-3.7.2.tgz#27e489b95fa5909445e9fef5ee48d81697ad18fb"
  integrity sha512-ml7V7JfiN2Xwvcer+XAf2csGO1bPBdRbFCkYBczNZggrBZ9c7G3riSUeJmqEU5uOtXNPMhE3n+R4FA/3YOAWOQ==
